
Microsoft Visual Studio Solution File, Format Version 12.00
# Visual Studio Version 16
VisualStudioVersion = 16.0.32228.343
MinimumVisualStudioVersion = 10.0.40219.1
Project("{FAE04EC0-301F-11D3-BF4B-00C04F79EFBC}") = "2048", "2048\2048.csproj", "{938EE304-43CF-40C7-8F83-49D80E24A085}"
EndProject
Global
	GlobalSection(SolutionConfigurationPlatforms) = preSolution
		Debug|Any CPU = Debug|Any CPU
		Release|Any CPU = Release|Any CPU
	EndGlobalSection
	GlobalSection(ProjectConfigurationPlatforms) = postSolution
		{938EE304-43CF-40C7-8F83-49D80E24A085}.Debug|Any CPU.ActiveCfg = Debug|Any CPU
		{938EE304-43CF-40C7-8F83-49D80E24A085}.Debug|Any CPU.Build.0 = Debug|Any CPU
		{938EE304-43CF-40C7-8F83-49D80E24A085}.Release|Any CPU.ActiveCfg = Release|Any CPU
		{938EE304-43CF-40C7-8F83-49D80E24A085}.Release|Any CPU.Build.0 = Release|Any CPU
	EndGlobalSection
	GlobalSection(SolutionProperties) = preSolution
		HideSolutionNode = FALSE
	EndGlobalSection
	GlobalSection(ExtensibilityGlobals) = postSolution
		SolutionGuid = {4B21BA27-46CF-41CF-AE64-55381D93ECBA}
	EndGlobalSection
EndGlobal
